{
  "name": "test-api",
  "version": "1.0.0",
  "lockfileVersion": 2,
  "requires": true,
  "packages": {
    "": {
      "name": "test-api",
      "version": "1.0.0",
      "license": "ISC",
      "dependencies": {
        "knope": "^1.1.2"
      }
    },
    "node_modules/knope": {
      "version": "1.1.2",
      "resolved": "https://registry.npmjs.org/knope/-/knope-1.1.2.tgz",
      "integrity": "sha512-8iqwnvn0JTqkhWhI4jE9K34n+WRIA3UYxXKccXi8N87ImCCU8ULXTLfJ1QmXb7mk+h4axLCObNZi61SNXNpoCA==",
      "hasInstallScript": true
    }
  },
  "dependencies": {
    "knope": {
      "version": "1.1.2",
      "resolved": "https://registry.npmjs.org/knope/-/knope-1.1.2.tgz",
      "integrity": "sha512-8iqwnvn0JTqkhWhI4jE9K34n+WRIA3UYxXKccXi8N87ImCCU8ULXTLfJ1QmXb7mk+h4axLCObNZi61SNXNpoCA=="
    }
  }
}
